
Microsoft Visual Studio Solution File, Format Version 12.00
# Visual Studio Version 16
VisualStudioVersion = 25.0.1706.13
MinimumVisualStudioVersion = 10.0.40219.1
Project("{FAE04EC0-301F-11D3-BF4B-00C04F79EFBC}") = "SanaCommerce.Application", "SanaCommerce.Application\SanaCommerce.Application.csproj", "{D8071C66-98C9-4835-A8CD-5396C6C1081B}"
EndProject
Project("{2150E333-8FDC-42A3-9474-1A3956D46DE8}") = "src", "src", "{2201F9A0-50E3-4FCB-8F86-8114B8A3C8D8}"
EndProject
Project("{FAE04EC0-301F-11D3-BF4B-00C04F79EFBC}") = "SanaCommerce.Domain", "SanaCommerce.Domain\SanaCommerce.Domain.csproj", "{214F2E7C-9C56-4306-A9DD-37149C551BD8}"
EndProject
Project("{FAE04EC0-301F-11D3-BF4B-00C04F79EFBC}") = "SanaCommerce.Infrastructure", "SanaCommerce.Infrastructure\SanaCommerce.Infrastructure.csproj", "{84035378-F6E7-4D55-9AA7-09E92D9F9139}"
EndProject
Project("{FAE04EC0-301F-11D3-BF4B-00C04F79EFBC}") = "SanaCommerce.API", "SanaCommerce.API\SanaCommerce.API.csproj", "{E410A9E4-2557-41EC-B1A9-6D2E9FEC82F0}"
EndProject
Project("{2150E333-8FDC-42A3-9474-1A3956D46DE8}") = "test", "test", "{C1B6D861-8949-46CE-8B0B-7E3793D09B42}"
EndProject
Project("{FAE04EC0-301F-11D3-BF4B-00C04F79EFBC}") = "SanaCommerce.Tests", "SanaCommerce.Tests\SanaCommerce.Tests.csproj", "{D443C8C8-EA04-4AB3-8AE1-F4BD9900425E}"
EndProject
Global
	GlobalSection(SolutionConfigurationPlatforms) = preSolution
		Debug|Any CPU = Debug|Any CPU
		Release|Any CPU = Release|Any CPU
	EndGlobalSection
	GlobalSection(ProjectConfigurationPlatforms) = postSolution
		{D8071C66-98C9-4835-A8CD-5396C6C1081B}.Debug|Any CPU.ActiveCfg = Debug|Any CPU
		{D8071C66-98C9-4835-A8CD-5396C6C1081B}.Debug|Any CPU.Build.0 = Debug|Any CPU
		{D8071C66-98C9-4835-A8CD-5396C6C1081B}.Release|Any CPU.ActiveCfg = Release|Any CPU
		{D8071C66-98C9-4835-A8CD-5396C6C1081B}.Release|Any CPU.Build.0 = Release|Any CPU
		{214F2E7C-9C56-4306-A9DD-37149C551BD8}.Debug|Any CPU.ActiveCfg = Debug|Any CPU
		{214F2E7C-9C56-4306-A9DD-37149C551BD8}.Debug|Any CPU.Build.0 = Debug|Any CPU
		{214F2E7C-9C56-4306-A9DD-37149C551BD8}.Release|Any CPU.ActiveCfg = Release|Any CPU
		{214F2E7C-9C56-4306-A9DD-37149C551BD8}.Release|Any CPU.Build.0 = Release|Any CPU
		{84035378-F6E7-4D55-9AA7-09E92D9F9139}.Debug|Any CPU.ActiveCfg = Debug|Any CPU
		{84035378-F6E7-4D55-9AA7-09E92D9F9139}.Debug|Any CPU.Build.0 = Debug|Any CPU
		{84035378-F6E7-4D55-9AA7-09E92D9F9139}.Release|Any CPU.ActiveCfg = Release|Any CPU
		{84035378-F6E7-4D55-9AA7-09E92D9F9139}.Release|Any CPU.Build.0 = Release|Any CPU
		{E410A9E4-2557-41EC-B1A9-6D2E9FEC82F0}.Debug|Any CPU.ActiveCfg = Debug|Any CPU
		{E410A9E4-2557-41EC-B1A9-6D2E9FEC82F0}.Debug|Any CPU.Build.0 = Debug|Any CPU
		{E410A9E4-2557-41EC-B1A9-6D2E9FEC82F0}.Release|Any CPU.ActiveCfg = Release|Any CPU
		{E410A9E4-2557-41EC-B1A9-6D2E9FEC82F0}.Release|Any CPU.Build.0 = Release|Any CPU
		{D443C8C8-EA04-4AB3-8AE1-F4BD9900425E}.Debug|Any CPU.ActiveCfg = Debug|Any CPU
		{D443C8C8-EA04-4AB3-8AE1-F4BD9900425E}.Debug|Any CPU.Build.0 = Debug|Any CPU
		{D443C8C8-EA04-4AB3-8AE1-F4BD9900425E}.Release|Any CPU.ActiveCfg = Release|Any CPU
		{D443C8C8-EA04-4AB3-8AE1-F4BD9900425E}.Release|Any CPU.Build.0 = Release|Any CPU
	EndGlobalSection
	GlobalSection(SolutionProperties) = preSolution
		HideSolutionNode = FALSE
	EndGlobalSection
	GlobalSection(ExtensibilityGlobals) = postSolution
		SolutionGuid = {A539ACFE-4524-4816-86B6-3306734DA0F7}
	EndGlobalSection
	GlobalSection(NestedProjects) = preSolution
		{D8071C66-98C9-4835-A8CD-5396C6C1081B} = {2201F9A0-50E3-4FCB-8F86-8114B8A3C8D8}
		{214F2E7C-9C56-4306-A9DD-37149C551BD8} = {2201F9A0-50E3-4FCB-8F86-8114B8A3C8D8}
		{84035378-F6E7-4D55-9AA7-09E92D9F9139} = {2201F9A0-50E3-4FCB-8F86-8114B8A3C8D8}
		{E410A9E4-2557-41EC-B1A9-6D2E9FEC82F0} = {2201F9A0-50E3-4FCB-8F86-8114B8A3C8D8}
		{D443C8C8-EA04-4AB3-8AE1-F4BD9900425E} = {C1B6D861-8949-46CE-8B0B-7E3793D09B42}
	EndGlobalSection
EndGlobal
